editing
﻿
Microsoft Visual Studio Solution File, Format Version 12.00
# Visual Studio 15
VisualStudioVersion = 15.0.27428.1
MinimumVisualStudioVersion = 10.0.40219.1
Project("{FAE04EC0-301F-11D3-BF4B-00C04F79EFBC}") = "SaludPublica", "SaludPublica\SaludPublica.csproj", "{863D151E-BA20-4C7B-9AB7-BCC28A3C14A1}"
EndProject
Global
	GlobalSection(SolutionConfigurationPlatforms) = preSolution
		Debug|Any CPU = Debug|Any CPU
		Release|Any CPU = Release|Any CPU
	EndGlobalSection
	GlobalSection(ProjectConfigurationPlatforms) = postSolution
		{863D151E-BA20-4C7B-9AB7-BCC28A3C14A1}.Debug|Any CPU.ActiveCfg = Debug|Any CPU
		{863D151E-BA20-4C7B-9AB7-BCC28A3C14A1}.Debug|Any CPU.Build.0 = Debug|Any CPU
		{863D151E-BA20-4C7B-9AB7-BCC28A3C14A1}.Release|Any CPU.ActiveCfg = Release|Any CPU
		{863D151E-BA20-4C7B-9AB7-BCC28A3C14A1}.Release|Any CPU.Build.0 = Release|Any CPU
	EndGlobalSection
	GlobalSection(SolutionProperties) = preSolution
		HideSolutionNode = FALSE
	EndGlobalSection
	GlobalSection(ExtensibilityGlobals) = postSolution
		SolutionGuid = {F3EDF055-2154-4B91-8B5A-CF5AD215FBB2}
	EndGlobalSection
EndGlobal

﻿
Microsoft Visual Studio Solution File, Format Version 12.00
# Visual Studio 15
VisualStudioVersion = 15.0.27428.1
MinimumVisualStudioVersion = 10.0.40219.1
Project("{FAE04EC0-301F-11D3-BF4B-00C04F79EFBC}") = "SaludPublica", "SaludPublica\SaludPublica.csproj", "{863D151E-BA20-4C7B-9AB7-BCC28A3C14A1}"
EndProject
Global
	GlobalSection(SolutionConfigurationPlatforms) = preSolution
		Debug|Any CPU = Debug|Any CPU
		Release|Any CPU = Release|Any CPU
	EndGlobalSection
	GlobalSection(ProjectConfigurationPlatforms) = postSolution
		{863D151E-BA20-4C7B-9AB7-BCC28A3C14A1}.Debug|Any CPU.ActiveCfg = Debug|Any CPU
		{863D151E-BA20-4C7B-9AB7-BCC28A3C14A1}.Debug|Any CPU.Build.0 = Debug|Any CPU
		{863D151E-BA20-4C7B-9AB7-BCC28A3C14A1}.Release|Any CPU.ActiveCfg = Release|Any CPU
		{863D151E-BA20-4C7B-9AB7-BCC28A3C14A1}.Release|Any CPU.Build.0 = Release|Any CPU
	EndGlobalSection
	GlobalSection(SolutionProperties) = preSolution
		HideSolutionNode = FALSE
	EndGlobalSection
	GlobalSection(ExtensibilityGlobals) = postSolution
		SolutionGuid = {F3EDF055-2154-4B91-8B5A-CF5AD215FBB2}
	EndGlobalSection
EndGlobal
 master
